<Solution>
  <Project Path="Nexus.API/Nexus.API.csproj" />
  <Project Path="Nexus.Application/Nexus.Application.csproj" />
  <Project Path="Nexus.Infrastructure/Nexus.Infrastructure.csproj" />
  <Project Path="Nexus.Domain/Nexus.Domain.csproj" />
  <Project Path="Nexus.Tests/Nexus.Tests.csproj" />
</Solution>
